<<<<<<< HEAD
﻿
Microsoft Visual Studio Solution File, Format Version 12.00
# Visual Studio Version 16
VisualStudioVersion = 16.0.30907.101
MinimumVisualStudioVersion = 10.0.40219.1
Project("{FAE04EC0-301F-11D3-BF4B-00C04F79EFBC}") = "Budget", "Budget\Budget.csproj", "{83AA9B31-10DD-44CE-8C2F-657B14B2516E}"
EndProject
Global
	GlobalSection(SolutionConfigurationPlatforms) = preSolution
		Debug|Any CPU = Debug|Any CPU
		Release|Any CPU = Release|Any CPU
	EndGlobalSection
	GlobalSection(ProjectConfigurationPlatforms) = postSolution
		{83AA9B31-10DD-44CE-8C2F-657B14B2516E}.Debug|Any CPU.ActiveCfg = Debug|Any CPU
		{83AA9B31-10DD-44CE-8C2F-657B14B2516E}.Debug|Any CPU.Build.0 = Debug|Any CPU
		{83AA9B31-10DD-44CE-8C2F-657B14B2516E}.Release|Any CPU.ActiveCfg = Release|Any CPU
		{83AA9B31-10DD-44CE-8C2F-657B14B2516E}.Release|Any CPU.Build.0 = Release|Any CPU
	EndGlobalSection
	GlobalSection(SolutionProperties) = preSolution
		HideSolutionNode = FALSE
	EndGlobalSection
	GlobalSection(ExtensibilityGlobals) = postSolution
		SolutionGuid = {C844C7C1-BBDE-4A7D-A1F3-D57B8690B34C}
	EndGlobalSection
EndGlobal
=======
﻿
Microsoft Visual Studio Solution File, Format Version 12.00
# Visual Studio Version 16
VisualStudioVersion = 16.0.30907.101
MinimumVisualStudioVersion = 10.0.40219.1
Project("{FAE04EC0-301F-11D3-BF4B-00C04F79EFBC}") = "Budget", "Budget\Budget.csproj", "{83AA9B31-10DD-44CE-8C2F-657B14B2516E}"
EndProject
Global
	GlobalSection(SolutionConfigurationPlatforms) = preSolution
		Debug|Any CPU = Debug|Any CPU
		Release|Any CPU = Release|Any CPU
	EndGlobalSection
	GlobalSection(ProjectConfigurationPlatforms) = postSolution
		{83AA9B31-10DD-44CE-8C2F-657B14B2516E}.Debug|Any CPU.ActiveCfg = Debug|Any CPU
		{83AA9B31-10DD-44CE-8C2F-657B14B2516E}.Debug|Any CPU.Build.0 = Debug|Any CPU
		{83AA9B31-10DD-44CE-8C2F-657B14B2516E}.Release|Any CPU.ActiveCfg = Release|Any CPU
		{83AA9B31-10DD-44CE-8C2F-657B14B2516E}.Release|Any CPU.Build.0 = Release|Any CPU
	EndGlobalSection
	GlobalSection(SolutionProperties) = preSolution
		HideSolutionNode = FALSE
	EndGlobalSection
	GlobalSection(ExtensibilityGlobals) = postSolution
		SolutionGuid = {C844C7C1-BBDE-4A7D-A1F3-D57B8690B34C}
	EndGlobalSection
EndGlobal
>>>>>>> 5b928dc7477ff2c55affb2464a610bddb0a14bec
